
Microsoft Visual Studio Solution File, Format Version 12.00
# Visual Studio 15
VisualStudioVersion = 15.0.28010.2050
MinimumVisualStudioVersion = 10.0.40219.1
Project("{FAE04EC0-301F-11D3-BF4B-00C04F79EFBC}") = "AgendaXamarinForms.Android", "AgendaXamarinForms\AgendaXamarinForms.Android\AgendaXamarinForms.Android.csproj", "{9F7C8AB4-8372-4BB7-992A-9478E2C22EC1}"
EndProject
Project("{FAE04EC0-301F-11D3-BF4B-00C04F79EFBC}") = "AgendaXamarinForms.iOS", "AgendaXamarinForms\AgendaXamarinForms.iOS\AgendaXamarinForms.iOS.csproj", "{4950F414-CB12-493B-84B7-E4117B9A6735}"
EndProject
Project("{FAE04EC0-301F-11D3-BF4B-00C04F79EFBC}") = "AgendaXamarinForms.UWP", "AgendaXamarinForms\AgendaXamarinForms.UWP\AgendaXamarinForms.UWP.csproj", "{2E513593-FCD3-4098-8B10-77BE5369F9DF}"
EndProject
Project("{FAE04EC0-301F-11D3-BF4B-00C04F79EFBC}") = "AgendaXamarinForms", "AgendaXamarinForms\AgendaXamarinForms\AgendaXamarinForms.csproj", "{DE63EBBE-91DB-427F-BD04-4A10BA61FBEE}"
EndProject
Global
	GlobalSection(SolutionConfigurationPlatforms) = preSolution
		Ad-Hoc|Any CPU = Ad-Hoc|Any CPU
		Ad-Hoc|ARM = Ad-Hoc|ARM
		Ad-Hoc|iPhone = Ad-Hoc|iPhone
		Ad-Hoc|iPhoneSimulator = Ad-Hoc|iPhoneSimulator
		Ad-Hoc|x64 = Ad-Hoc|x64
		Ad-Hoc|x86 = Ad-Hoc|x86
		AppStore|Any CPU = AppStore|Any CPU
		AppStore|ARM = AppStore|ARM
		AppStore|iPhone = AppStore|iPhone
		AppStore|iPhoneSimulator = AppStore|iPhoneSimulator
		AppStore|x64 = AppStore|x64
		AppStore|x86 = AppStore|x86
		Debug|Any CPU = Debug|Any CPU
		Debug|ARM = Debug|ARM
		Debug|iPhone = Debug|iPhone
		Debug|iPhoneSimulator = Debug|iPhoneSimulator
		Debug|x64 = Debug|x64
		Debug|x86 = Debug|x86
		Release|Any CPU = Release|Any CPU
		Release|ARM = Release|ARM
		Release|iPhone = Release|iPhone
		Release|iPhoneSimulator = Release|iPhoneSimulator
		Release|x64 = Release|x64
		Release|x86 = Release|x86
	EndGlobalSection
	GlobalSection(ProjectConfigurationPlatforms) = postSolution
		{9F7C8AB4-8372-4BB7-992A-9478E2C22EC1}.Ad-Hoc|Any CPU.ActiveCfg = Release|Any CPU
		{9F7C8AB4-8372-4BB7-992A-9478E2C22EC1}.Ad-Hoc|Any CPU.Build.0 = Release|Any CPU
		{9F7C8AB4-8372-4BB7-992A-9478E2C22EC1}.Ad-Hoc|Any CPU.Deploy.0 = Release|Any CPU
		{9F7C8AB4-8372-4BB7-992A-9478E2C22EC1}.Ad-Hoc|ARM.ActiveCfg = Release|Any CPU
		{9F7C8AB4-8372-4BB7-992A-9478E2C22EC1}.Ad-Hoc|ARM.Build.0 = Release|Any CPU
		{9F7C8AB4-8372-4BB7-992A-9478E2C22EC1}.Ad-Hoc|ARM.Deploy.0 = Release|Any CPU
		{9F7C8AB4-8372-4BB7-992A-9478E2C22EC1}.Ad-Hoc|iPhone.ActiveCfg = Release|Any CPU
		{9F7C8AB4-8372-4BB7-992A-9478E2C22EC1}.Ad-Hoc|iPhone.Build.0 = Release|Any CPU
		{9F7C8AB4-8372-4BB7-992A-9478E2C22EC1}.Ad-Hoc|iPhone.Deploy.0 = Release|Any CPU
		{9F7C8AB4-8372-4BB7-992A-9478E2C22EC1}.Ad-Hoc|iPhoneSimulator.ActiveCfg = Release|Any CPU
		{9F7C8AB4-8372-4BB7-992A-9478E2C22EC1}.Ad-Hoc|iPhoneSimulator.Build.0 = Release|Any CPU
		{9F7C8AB4-8372-4BB7-992A-9478E2C22EC1}.Ad-Hoc|iPhoneSimulator.Deploy.0 = Release|Any CPU
		{9F7C8AB4-8372-4BB7-992A-9478E2C22EC1}.Ad-Hoc|x64.ActiveCfg = Release|Any CPU
		{9F7C8AB4-8372-4BB7-992A-9478E2C22EC1}.Ad-Hoc|x64.Build.0 = Release|Any CPU
		{9F7C8AB4-8372-4BB7-992A-9478E2C22EC1}.Ad-Hoc|x64.Deploy.0 = Release|Any CPU
		{9F7C8AB4-8372-4BB7-992A-9478E2C22EC1}.Ad-Hoc|x86.ActiveCfg = Release|Any CPU
		{9F7C8AB4-8372-4BB7-992A-9478E2C22EC1}.Ad-Hoc|x86.Build.0 = Release|Any CPU
		{9F7C8AB4-8372-4BB7-992A-9478E2C22EC1}.Ad-Hoc|x86.Deploy.0 = Release|Any CPU
		{9F7C8AB4-8372-4BB7-992A-9478E2C22EC1}.AppStore|Any CPU.ActiveCfg = Release|Any CPU
		{9F7C8AB4-8372-4BB7-992A-9478E2C22EC1}.AppStore|Any CPU.Build.0 = Release|Any CPU
		{9F7C8AB4-8372-4BB7-992A-9478E2C22EC1}.AppStore|Any CPU.Deploy.0 = Release|Any CPU
		{9F7C8AB4-8372-4BB7-992A-9478E2C22EC1}.AppStore|ARM.ActiveCfg = Release|Any CPU
		{9F7C8AB4-8372-4BB7-992A-9478E2C22EC1}.AppStore|ARM.Build.0 = Release|Any CPU
		{9F7C8AB4-8372-4BB7-992A-9478E2C22EC1}.AppStore|ARM.Deploy.0 = Release|Any CPU
		{9F7C8AB4-8372-4BB7-992A-9478E2C22EC1}.AppStore|iPhone.ActiveCfg = Release|Any CPU
		{9F7C8AB4-8372-4BB7-992A-9478E2C22EC1}.AppStore|iPhone.Build.0 = Release|Any CPU
		{9F7C8AB4-8372-4BB7-992A-9478E2C22EC1}.AppStore|iPhone.Deploy.0 = Release|Any CPU
		{9F7C8AB4-8372-4BB7-992A-9478E2C22EC1}.AppStore|iPhoneSimulator.ActiveCfg = Release|Any CPU
		{9F7C8AB4-8372-4BB7-992A-9478E2C22EC1}.AppStore|iPhoneSimulator.Build.0 = Release|Any CPU
		{9F7C8AB4-8372-4BB7-992A-9478E2C22EC1}.AppStore|iPhoneSimulator.Deploy.0 = Release|Any CPU
		{9F7C8AB4-8372-4BB7-992A-9478E2C22EC1}.AppStore|x64.ActiveCfg = Release|Any CPU
		{9F7C8AB4-8372-4BB7-992A-9478E2C22EC1}.AppStore|x64.Build.0 = Release|Any CPU
		{9F7C8AB4-8372-4BB7-992A-9478E2C22EC1}.AppStore|x64.Deploy.0 = Release|Any CPU
		{9F7C8AB4-8372-4BB7-992A-9478E2C22EC1}.AppStore|x86.ActiveCfg = Release|Any CPU
		{9F7C8AB4-8372-4BB7-992A-9478E2C22EC1}.AppStore|x86.Build.0 = Release|Any CPU
		{9F7C8AB4-8372-4BB7-992A-9478E2C22EC1}.AppStore|x86.Deploy.0 = Release|Any CPU
		{9F7C8AB4-8372-4BB7-992A-9478E2C22EC1}.Debug|Any CPU.ActiveCfg = Debug|Any CPU
		{9F7C8AB4-8372-4BB7-992A-9478E2C22EC1}.Debug|Any CPU.Build.0 = Debug|Any CPU
		{9F7C8AB4-8372-4BB7-992A-9478E2C22EC1}.Debug|Any CPU.Deploy.0 = Debug|Any CPU
		{9F7C8AB4-8372-4BB7-992A-9478E2C22EC1}.Debug|ARM.ActiveCfg = Debug|Any CPU
		{9F7C8AB4-8372-4BB7-992A-9478E2C22EC1}.Debug|ARM.Build.0 = Debug|Any CPU
		{9F7C8AB4-8372-4BB7-992A-9478E2C22EC1}.Debug|ARM.Deploy.0 = Debug|Any CPU
		{9F7C8AB4-8372-4BB7-992A-9478E2C22EC1}.Debug|iPhone.ActiveCfg = Debug|Any CPU
		{9F7C8AB4-8372-4BB7-992A-9478E2C22EC1}.Debug|iPhone.Build.0 = Debug|Any CPU
		{9F7C8AB4-8372-4BB7-992A-9478E2C22EC1}.Debug|iPhone.Deploy.0 = Debug|Any CPU
		{9F7C8AB4-8372-4BB7-992A-9478E2C22EC1}.Debug|iPhoneSimulator.ActiveCfg = Debug|Any CPU
		{9F7C8AB4-8372-4BB7-992A-9478E2C22EC1}.Debug|iPhoneSimulator.Build.0 = Debug|Any CPU
		{9F7C8AB4-8372-4BB7-992A-9478E2C22EC1}.Debug|iPhoneSimulator.Deploy.0 = Debug|Any CPU
		{9F7C8AB4-8372-4BB7-992A-9478E2C22EC1}.Debug|x64.ActiveCfg = Debug|Any CPU
		{9F7C8AB4-8372-4BB7-992A-9478E2C22EC1}.Debug|x64.Build.0 = Debug|Any CPU
		{9F7C8AB4-8372-4BB7-992A-9478E2C22EC1}.Debug|x64.Deploy.0 = Debug|Any CPU
		{9F7C8AB4-8372-4BB7-992A-9478E2C22EC1}.Debug|x86.ActiveCfg = Debug|Any CPU
		{9F7C8AB4-8372-4BB7-992A-9478E2C22EC1}.Debug|x86.Build.0 = Debug|Any CPU
		{9F7C8AB4-8372-4BB7-992A-9478E2C22EC1}.Debug|x86.Deploy.0 = Debug|Any CPU
		{9F7C8AB4-8372-4BB7-992A-9478E2C22EC1}.Release|Any CPU.ActiveCfg = Release|Any CPU
		{9F7C8AB4-8372-4BB7-992A-9478E2C22EC1}.Release|Any CPU.Build.0 = Release|Any CPU
		{9F7C8AB4-8372-4BB7-992A-9478E2C22EC1}.Release|Any CPU.Deploy.0 = Release|Any CPU
		{9F7C8AB4-8372-4BB7-992A-9478E2C22EC1}.Release|ARM.ActiveCfg = Release|Any CPU
		{9F7C8AB4-8372-4BB7-992A-9478E2C22EC1}.Release|ARM.Build.0 = Release|Any CPU
		{9F7C8AB4-8372-4BB7-992A-9478E2C22EC1}.Release|ARM.Deploy.0 = Release|Any CPU
		{9F7C8AB4-8372-4BB7-992A-9478E2C22EC1}.Release|iPhone.ActiveCfg = Release|Any CPU
		{9F7C8AB4-8372-4BB7-992A-9478E2C22EC1}.Release|iPhone.Build.0 = Release|Any CPU
		{9F7C8AB4-8372-4BB7-992A-9478E2C22EC1}.Release|iPhone.Deploy.0 = Release|Any CPU
		{9F7C8AB4-8372-4BB7-992A-9478E2C22EC1}.Release|iPhoneSimulator.ActiveCfg = Release|Any CPU
		{9F7C8AB4-8372-4BB7-992A-9478E2C22EC1}.Release|iPhoneSimulator.Build.0 = Release|Any CPU
		{9F7C8AB4-8372-4BB7-992A-9478E2C22EC1}.Release|iPhoneSimulator.Deploy.0 = Release|Any CPU
		{9F7C8AB4-8372-4BB7-992A-9478E2C22EC1}.Release|x64.ActiveCfg = Release|Any CPU
		{9F7C8AB4-8372-4BB7-992A-9478E2C22EC1}.Release|x64.Build.0 = Release|Any CPU
		{9F7C8AB4-8372-4BB7-992A-9478E2C22EC1}.Release|x64.Deploy.0 = Release|Any CPU
		{9F7C8AB4-8372-4BB7-992A-9478E2C22EC1}.Release|x86.ActiveCfg = Release|Any CPU
		{9F7C8AB4-8372-4BB7-992A-9478E2C22EC1}.Release|x86.Build.0 = Release|Any CPU
		{9F7C8AB4-8372-4BB7-992A-9478E2C22EC1}.Release|x86.Deploy.0 = Release|Any CPU
		{4950F414-CB12-493B-84B7-E4117B9A6735}.Ad-Hoc|Any CPU.ActiveCfg = Ad-Hoc|iPhone
		{4950F414-CB12-493B-84B7-E4117B9A6735}.Ad-Hoc|Any CPU.Build.0 = Ad-Hoc|iPhone
		{4950F414-CB12-493B-84B7-E4117B9A6735}.Ad-Hoc|Any CPU.Deploy.0 = Ad-Hoc|iPhone
		{4950F414-CB12-493B-84B7-E4117B9A6735}.Ad-Hoc|ARM.ActiveCfg = Ad-Hoc|iPhone
		{4950F414-CB12-493B-84B7-E4117B9A6735}.Ad-Hoc|ARM.Build.0 = Ad-Hoc|iPhone
		{4950F414-CB12-493B-84B7-E4117B9A6735}.Ad-Hoc|ARM.Deploy.0 = Ad-Hoc|iPhone
		{4950F414-CB12-493B-84B7-E4117B9A6735}.Ad-Hoc|iPhone.ActiveCfg = Ad-Hoc|iPhone
		{4950F414-CB12-493B-84B7-E4117B9A6735}.Ad-Hoc|iPhone.Build.0 = Ad-Hoc|iPhone
		{4950F414-CB12-493B-84B7-E4117B9A6735}.Ad-Hoc|iPhone.Deploy.0 = Ad-Hoc|iPhone
		{4950F414-CB12-493B-84B7-E4117B9A6735}.Ad-Hoc|iPhoneSimulator.ActiveCfg = Ad-Hoc|iPhoneSimulator
		{4950F414-CB12-493B-84B7-E4117B9A6735}.Ad-Hoc|iPhoneSimulator.Build.0 = Ad-Hoc|iPhoneSimulator
		{4950F414-CB12-493B-84B7-E4117B9A6735}.Ad-Hoc|iPhoneSimulator.Deploy.0 = Ad-Hoc|iPhoneSimulator
		{4950F414-CB12-493B-84B7-E4117B9A6735}.Ad-Hoc|x64.ActiveCfg = Ad-Hoc|iPhone
		{4950F414-CB12-493B-84B7-E4117B9A6735}.Ad-Hoc|x64.Build.0 = Ad-Hoc|iPhone
		{4950F414-CB12-493B-84B7-E4117B9A6735}.Ad-Hoc|x64.Deploy.0 = Ad-Hoc|iPhone
		{4950F414-CB12-493B-84B7-E4117B9A6735}.Ad-Hoc|x86.ActiveCfg = Ad-Hoc|iPhone
		{4950F414-CB12-493B-84B7-E4117B9A6735}.Ad-Hoc|x86.Build.0 = Ad-Hoc|iPhone
		{4950F414-CB12-493B-84B7-E4117B9A6735}.Ad-Hoc|x86.Deploy.0 = Ad-Hoc|iPhone
		{4950F414-CB12-493B-84B7-E4117B9A6735}.AppStore|Any CPU.ActiveCfg = AppStore|iPhone
		{4950F414-CB12-493B-84B7-E4117B9A6735}.AppStore|Any CPU.Build.0 = AppStore|iPhone
		{4950F414-CB12-493B-84B7-E4117B9A6735}.AppStore|Any CPU.Deploy.0 = AppStore|iPhone
		{4950F414-CB12-493B-84B7-E4117B9A6735}.AppStore|ARM.ActiveCfg = AppStore|iPhone
		{4950F414-CB12-493B-84B7-E4117B9A6735}.AppStore|ARM.Build.0 = AppStore|iPhone
		{4950F414-CB12-493B-84B7-E4117B9A6735}.AppStore|ARM.Deploy.0 = AppStore|iPhone
		{4950F414-CB12-493B-84B7-E4117B9A6735}.AppStore|iPhone.ActiveCfg = AppStore|iPhone
		{4950F414-CB12-493B-84B7-E4117B9A6735}.AppStore|iPhone.Build.0 = AppStore|iPhone
		{4950F414-CB12-493B-84B7-E4117B9A6735}.AppStore|iPhone.Deploy.0 = AppStore|iPhone
		{4950F414-CB12-493B-84B7-E4117B9A6735}.AppStore|iPhoneSimulator.ActiveCfg = AppStore|iPhoneSimulator
		{4950F414-CB12-493B-84B7-E4117B9A6735}.AppStore|iPhoneSimulator.Build.0 = AppStore|iPhoneSimulator
		{4950F414-CB12-493B-84B7-E4117B9A6735}.AppStore|iPhoneSimulator.Deploy.0 = AppStore|iPhoneSimulator
		{4950F414-CB12-493B-84B7-E4117B9A6735}.AppStore|x64.ActiveCfg = AppStore|iPhone
		{4950F414-CB12-493B-84B7-E4117B9A6735}.AppStore|x64.Build.0 = AppStore|iPhone
		{4950F414-CB12-493B-84B7-E4117B9A6735}.AppStore|x64.Deploy.0 = AppStore|iPhone
		{4950F414-CB12-493B-84B7-E4117B9A6735}.AppStore|x86.ActiveCfg = AppStore|iPhone
		{4950F414-CB12-493B-84B7-E4117B9A6735}.AppStore|x86.Build.0 = AppStore|iPhone
		{4950F414-CB12-493B-84B7-E4117B9A6735}.AppStore|x86.Deploy.0 = AppStore|iPhone
		{4950F414-CB12-493B-84B7-E4117B9A6735}.Debug|Any CPU.ActiveCfg = Debug|iPhoneSimulator
		{4950F414-CB12-493B-84B7-E4117B9A6735}.Debug|Any CPU.Build.0 = Debug|iPhoneSimulator
		{4950F414-CB12-493B-84B7-E4117B9A6735}.Debug|Any CPU.Deploy.0 = Debug|iPhoneSimulator
		{4950F414-CB12-493B-84B7-E4117B9A6735}.Debug|ARM.ActiveCfg = Debug|iPhone
		{4950F414-CB12-493B-84B7-E4117B9A6735}.Debug|ARM.Build.0 = Debug|iPhone
		{4950F414-CB12-493B-84B7-E4117B9A6735}.Debug|ARM.Deploy.0 = Debug|iPhone
		{4950F414-CB12-493B-84B7-E4117B9A6735}.Debug|iPhone.ActiveCfg = Debug|iPhone
		{4950F414-CB12-493B-84B7-E4117B9A6735}.Debug|iPhone.Build.0 = Debug|iPhone
		{4950F414-CB12-493B-84B7-E4117B9A6735}.Debug|iPhone.Deploy.0 = Debug|iPhone
		{4950F414-CB12-493B-84B7-E4117B9A6735}.Debug|iPhoneSimulator.ActiveCfg = Debug|iPhoneSimulator
		{4950F414-CB12-493B-84B7-E4117B9A6735}.Debug|iPhoneSimulator.Build.0 = Debug|iPhoneSimulator
		{4950F414-CB12-493B-84B7-E4117B9A6735}.Debug|iPhoneSimulator.Deploy.0 = Debug|iPhoneSimulator
		{4950F414-CB12-493B-84B7-E4117B9A6735}.Debug|x64.ActiveCfg = Debug|iPhone
		{4950F414-CB12-493B-84B7-E4117B9A6735}.Debug|x64.Build.0 = Debug|iPhone
		{4950F414-CB12-493B-84B7-E4117B9A6735}.Debug|x64.Deploy.0 = Debug|iPhone
		{4950F414-CB12-493B-84B7-E4117B9A6735}.Debug|x86.ActiveCfg = Debug|iPhone
		{4950F414-CB12-493B-84B7-E4117B9A6735}.Debug|x86.Build.0 = Debug|iPhone
		{4950F414-CB12-493B-84B7-E4117B9A6735}.Debug|x86.Deploy.0 = Debug|iPhone
		{4950F414-CB12-493B-84B7-E4117B9A6735}.Release|Any CPU.ActiveCfg = Release|iPhone
		{4950F414-CB12-493B-84B7-E4117B9A6735}.Release|Any CPU.Build.0 = Release|iPhone
		{4950F414-CB12-493B-84B7-E4117B9A6735}.Release|Any CPU.Deploy.0 = Release|iPhone
		{4950F414-CB12-493B-84B7-E4117B9A6735}.Release|ARM.ActiveCfg = Release|iPhone
		{4950F414-CB12-493B-84B7-E4117B9A6735}.Release|ARM.Build.0 = Release|iPhone
		{4950F414-CB12-493B-84B7-E4117B9A6735}.Release|ARM.Deploy.0 = Release|iPhone
		{4950F414-CB12-493B-84B7-E4117B9A6735}.Release|iPhone.ActiveCfg = Release|iPhone
		{4950F414-CB12-493B-84B7-E4117B9A6735}.Release|iPhone.Build.0 = Release|iPhone
		{4950F414-CB12-493B-84B7-E4117B9A6735}.Release|iPhone.Deploy.0 = Release|iPhone
		{4950F414-CB12-493B-84B7-E4117B9A6735}.Release|iPhoneSimulator.ActiveCfg = Release|iPhoneSimulator
		{4950F414-CB12-493B-84B7-E4117B9A6735}.Release|iPhoneSimulator.Build.0 = Release|iPhoneSimulator
		{4950F414-CB12-493B-84B7-E4117B9A6735}.Release|iPhoneSimulator.Deploy.0 = Release|iPhoneSimulator
		{4950F414-CB12-493B-84B7-E4117B9A6735}.Release|x64.ActiveCfg = Release|iPhone
		{4950F414-CB12-493B-84B7-E4117B9A6735}.Release|x64.Build.0 = Release|iPhone
		{4950F414-CB12-493B-84B7-E4117B9A6735}.Release|x64.Deploy.0 = Release|iPhone
		{4950F414-CB12-493B-84B7-E4117B9A6735}.Release|x86.ActiveCfg = Release|iPhone
		{4950F414-CB12-493B-84B7-E4117B9A6735}.Release|x86.Build.0 = Release|iPhone
		{4950F414-CB12-493B-84B7-E4117B9A6735}.Release|x86.Deploy.0 = Release|iPhone
		{2E513593-FCD3-4098-8B10-77BE5369F9DF}.Ad-Hoc|Any CPU.ActiveCfg = Release|x86
		{2E513593-FCD3-4098-8B10-77BE5369F9DF}.Ad-Hoc|Any CPU.Build.0 = Release|x86
		{2E513593-FCD3-4098-8B10-77BE5369F9DF}.Ad-Hoc|Any CPU.Deploy.0 = Release|x86
		{2E513593-FCD3-4098-8B10-77BE5369F9DF}.Ad-Hoc|ARM.ActiveCfg = Release|ARM
		{2E513593-FCD3-4098-8B10-77BE5369F9DF}.Ad-Hoc|ARM.Build.0 = Release|ARM
		{2E513593-FCD3-4098-8B10-77BE5369F9DF}.Ad-Hoc|ARM.Deploy.0 = Release|ARM
		{2E513593-FCD3-4098-8B10-77BE5369F9DF}.Ad-Hoc|iPhone.ActiveCfg = Release|x86
		{2E513593-FCD3-4098-8B10-77BE5369F9DF}.Ad-Hoc|iPhone.Build.0 = Release|x86
		{2E513593-FCD3-4098-8B10-77BE5369F9DF}.Ad-Hoc|iPhone.Deploy.0 = Release|x86
		{2E513593-FCD3-4098-8B10-77BE5369F9DF}.Ad-Hoc|iPhoneSimulator.ActiveCfg = Release|x86
		{2E513593-FCD3-4098-8B10-77BE5369F9DF}.Ad-Hoc|iPhoneSimulator.Build.0 = Release|x86
		{2E513593-FCD3-4098-8B10-77BE5369F9DF}.Ad-Hoc|iPhoneSimulator.Deploy.0 = Release|x86
		{2E513593-FCD3-4098-8B10-77BE5369F9DF}.Ad-Hoc|x64.ActiveCfg = Release|x64
		{2E513593-FCD3-4098-8B10-77BE5369F9DF}.Ad-Hoc|x64.Build.0 = Release|x64
		{2E513593-FCD3-4098-8B10-77BE5369F9DF}.Ad-Hoc|x64.Deploy.0 = Release|x64
		{2E513593-FCD3-4098-8B10-77BE5369F9DF}.Ad-Hoc|x86.ActiveCfg = Release|x86
		{2E513593-FCD3-4098-8B10-77BE5369F9DF}.Ad-Hoc|x86.Build.0 = Release|x86
		{2E513593-FCD3-4098-8B10-77BE5369F9DF}.Ad-Hoc|x86.Deploy.0 = Release|x86
		{2E513593-FCD3-4098-8B10-77BE5369F9DF}.AppStore|Any CPU.ActiveCfg = Release|x86
		{2E513593-FCD3-4098-8B10-77BE5369F9DF}.AppStore|Any CPU.Build.0 = Release|x86
		{2E513593-FCD3-4098-8B10-77BE5369F9DF}.AppStore|Any CPU.Deploy.0 = Release|x86
		{2E513593-FCD3-4098-8B10-77BE5369F9DF}.AppStore|ARM.ActiveCfg = Release|ARM
		{2E513593-FCD3-4098-8B10-77BE5369F9DF}.AppStore|ARM.Build.0 = Release|ARM
		{2E513593-FCD3-4098-8B10-77BE5369F9DF}.AppStore|ARM.Deploy.0 = Release|ARM
		{2E513593-FCD3-4098-8B10-77BE5369F9DF}.AppStore|iPhone.ActiveCfg = Release|x86
		{2E513593-FCD3-4098-8B10-77BE5369F9DF}.AppStore|iPhone.Build.0 = Release|x86
		{2E513593-FCD3-4098-8B10-77BE5369F9DF}.AppStore|iPhone.Deploy.0 = Release|x86
		{2E513593-FCD3-4098-8B10-77BE5369F9DF}.AppStore|iPhoneSimulator.ActiveCfg = Release|x86
		{2E513593-FCD3-4098-8B10-77BE5369F9DF}.AppStore|iPhoneSimulator.Build.0 = Release|x86
		{2E513593-FCD3-4098-8B10-77BE5369F9DF}.AppStore|iPhoneSimulator.Deploy.0 = Release|x86
		{2E513593-FCD3-4098-8B10-77BE5369F9DF}.AppStore|x64.ActiveCfg = Release|x64
		{2E513593-FCD3-4098-8B10-77BE5369F9DF}.AppStore|x64.Build.0 = Release|x64
		{2E513593-FCD3-4098-8B10-77BE5369F9DF}.AppStore|x64.Deploy.0 = Release|x64
		{2E513593-FCD3-4098-8B10-77BE5369F9DF}.AppStore|x86.ActiveCfg = Release|x86
		{2E513593-FCD3-4098-8B10-77BE5369F9DF}.AppStore|x86.Build.0 = Release|x86
		{2E513593-FCD3-4098-8B10-77BE5369F9DF}.AppStore|x86.Deploy.0 = Release|x86
		{2E513593-FCD3-4098-8B10-77BE5369F9DF}.Debug|Any CPU.ActiveCfg = Debug|x86
		{2E513593-FCD3-4098-8B10-77BE5369F9DF}.Debug|Any CPU.Build.0 = Debug|x86
		{2E513593-FCD3-4098-8B10-77BE5369F9DF}.Debug|Any CPU.Deploy.0 = Debug|x86
		{2E513593-FCD3-4098-8B10-77BE5369F9DF}.Debug|ARM.ActiveCfg = Debug|ARM
		{2E513593-FCD3-4098-8B10-77BE5369F9DF}.Debug|ARM.Build.0 = Debug|ARM
		{2E513593-FCD3-4098-8B10-77BE5369F9DF}.Debug|ARM.Deploy.0 = Debug|ARM
		{2E513593-FCD3-4098-8B10-77BE5369F9DF}.Debug|iPhone.ActiveCfg = Debug|x86
		{2E513593-FCD3-4098-8B10-77BE5369F9DF}.Debug|iPhone.Build.0 = Debug|x86
		{2E513593-FCD3-4098-8B10-77BE5369F9DF}.Debug|iPhone.Deploy.0 = Debug|x86
		{2E513593-FCD3-4098-8B10-77BE5369F9DF}.Debug|iPhoneSimulator.ActiveCfg = Debug|x86
		{2E513593-FCD3-4098-8B10-77BE5369F9DF}.Debug|iPhoneSimulator.Build.0 = Debug|x86
		{2E513593-FCD3-4098-8B10-77BE5369F9DF}.Debug|iPhoneSimulator.Deploy.0 = Debug|x86
		{2E513593-FCD3-4098-8B10-77BE5369F9DF}.Debug|x64.ActiveCfg = Debug|x64
		{2E513593-FCD3-4098-8B10-77BE5369F9DF}.Debug|x64.Build.0 = Debug|x64
		{2E513593-FCD3-4098-8B10-77BE5369F9DF}.Debug|x64.Deploy.0 = Debug|x64
		{2E513593-FCD3-4098-8B10-77BE5369F9DF}.Debug|x86.ActiveCfg = Debug|x86
		{2E513593-FCD3-4098-8B10-77BE5369F9DF}.Debug|x86.Build.0 = Debug|x86
		{2E513593-FCD3-4098-8B10-77BE5369F9DF}.Debug|x86.Deploy.0 = Debug|x86
		{2E513593-FCD3-4098-8B10-77BE5369F9DF}.Release|Any CPU.ActiveCfg = Release|x86
		{2E513593-FCD3-4098-8B10-77BE5369F9DF}.Release|Any CPU.Build.0 = Release|x86
		{2E513593-FCD3-4098-8B10-77BE5369F9DF}.Release|Any CPU.Deploy.0 = Release|x86
		{2E513593-FCD3-4098-8B10-77BE5369F9DF}.Release|ARM.ActiveCfg = Release|ARM
		{2E513593-FCD3-4098-8B10-77BE5369F9DF}.Release|ARM.Build.0 = Release|ARM
		{2E513593-FCD3-4098-8B10-77BE5369F9DF}.Release|ARM.Deploy.0 = Release|ARM
		{2E513593-FCD3-4098-8B10-77BE5369F9DF}.Release|iPhone.ActiveCfg = Release|x86
		{2E513593-FCD3-4098-8B10-77BE5369F9DF}.Release|iPhone.Build.0 = Release|x86
		{2E513593-FCD3-4098-8B10-77BE5369F9DF}.Release|iPhone.Deploy.0 = Release|x86
		{2E513593-FCD3-4098-8B10-77BE5369F9DF}.Release|iPhoneSimulator.ActiveCfg = Release|x86
		{2E513593-FCD3-4098-8B10-77BE5369F9DF}.Release|iPhoneSimulator.Build.0 = Release|x86
		{2E513593-FCD3-4098-8B10-77BE5369F9DF}.Release|iPhoneSimulator.Deploy.0 = Release|x86
		{2E513593-FCD3-4098-8B10-77BE5369F9DF}.Release|x64.ActiveCfg = Release|x64
		{2E513593-FCD3-4098-8B10-77BE5369F9DF}.Release|x64.Build.0 = Release|x64
		{2E513593-FCD3-4098-8B10-77BE5369F9DF}.Release|x64.Deploy.0 = Release|x64
		{2E513593-FCD3-4098-8B10-77BE5369F9DF}.Release|x86.ActiveCfg = Release|x86
		{2E513593-FCD3-4098-8B10-77BE5369F9DF}.Release|x86.Build.0 = Release|x86
		{2E513593-FCD3-4098-8B10-77BE5369F9DF}.Release|x86.Deploy.0 = Release|x86
		{DE63EBBE-91DB-427F-BD04-4A10BA61FBEE}.Ad-Hoc|Any CPU.ActiveCfg = Debug|Any CPU
		{DE63EBBE-91DB-427F-BD04-4A10BA61FBEE}.Ad-Hoc|Any CPU.Build.0 = Debug|Any CPU
		{DE63EBBE-91DB-427F-BD04-4A10BA61FBEE}.Ad-Hoc|Any CPU.Deploy.0 = Debug|Any CPU
		{DE63EBBE-91DB-427F-BD04-4A10BA61FBEE}.Ad-Hoc|ARM.ActiveCfg = Debug|Any CPU
		{DE63EBBE-91DB-427F-BD04-4A10BA61FBEE}.Ad-Hoc|ARM.Build.0 = Debug|Any CPU
		{DE63EBBE-91DB-427F-BD04-4A10BA61FBEE}.Ad-Hoc|ARM.Deploy.0 = Debug|Any CPU
		{DE63EBBE-91DB-427F-BD04-4A10BA61FBEE}.Ad-Hoc|iPhone.ActiveCfg = Debug|Any CPU
		{DE63EBBE-91DB-427F-BD04-4A10BA61FBEE}.Ad-Hoc|iPhone.Build.0 = Debug|Any CPU
		{DE63EBBE-91DB-427F-BD04-4A10BA61FBEE}.Ad-Hoc|iPhone.Deploy.0 = Debug|Any CPU
		{DE63EBBE-91DB-427F-BD04-4A10BA61FBEE}.Ad-Hoc|iPhoneSimulator.ActiveCfg = Debug|Any CPU
		{DE63EBBE-91DB-427F-BD04-4A10BA61FBEE}.Ad-Hoc|iPhoneSimulator.Build.0 = Debug|Any CPU
		{DE63EBBE-91DB-427F-BD04-4A10BA61FBEE}.Ad-Hoc|iPhoneSimulator.Deploy.0 = Debug|Any CPU
		{DE63EBBE-91DB-427F-BD04-4A10BA61FBEE}.Ad-Hoc|x64.ActiveCfg = Debug|Any CPU
		{DE63EBBE-91DB-427F-BD04-4A10BA61FBEE}.Ad-Hoc|x64.Build.0 = Debug|Any CPU
		{DE63EBBE-91DB-427F-BD04-4A10BA61FBEE}.Ad-Hoc|x64.Deploy.0 = Debug|Any CPU
		{DE63EBBE-91DB-427F-BD04-4A10BA61FBEE}.Ad-Hoc|x86.ActiveCfg = Debug|Any CPU
		{DE63EBBE-91DB-427F-BD04-4A10BA61FBEE}.Ad-Hoc|x86.Build.0 = Debug|Any CPU
		{DE63EBBE-91DB-427F-BD04-4A10BA61FBEE}.Ad-Hoc|x86.Deploy.0 = Debug|Any CPU
		{DE63EBBE-91DB-427F-BD04-4A10BA61FBEE}.AppStore|Any CPU.ActiveCfg = Debug|Any CPU
		{DE63EBBE-91DB-427F-BD04-4A10BA61FBEE}.AppStore|Any CPU.Build.0 = Debug|Any CPU
		{DE63EBBE-91DB-427F-BD04-4A10BA61FBEE}.AppStore|Any CPU.Deploy.0 = Debug|Any CPU
		{DE63EBBE-91DB-427F-BD04-4A10BA61FBEE}.AppStore|ARM.ActiveCfg = Debug|Any CPU
		{DE63EBBE-91DB-427F-BD04-4A10BA61FBEE}.AppStore|ARM.Build.0 = Debug|Any CPU
		{DE63EBBE-91DB-427F-BD04-4A10BA61FBEE}.AppStore|ARM.Deploy.0 = Debug|Any CPU
		{DE63EBBE-91DB-427F-BD04-4A10BA61FBEE}.AppStore|iPhone.ActiveCfg = Debug|Any CPU
		{DE63EBBE-91DB-427F-BD04-4A10BA61FBEE}.AppStore|iPhone.Build.0 = Debug|Any CPU
		{DE63EBBE-91DB-427F-BD04-4A10BA61FBEE}.AppStore|iPhone.Deploy.0 = Debug|Any CPU
		{DE63EBBE-91DB-427F-BD04-4A10BA61FBEE}.AppStore|iPhoneSimulator.ActiveCfg = Debug|Any CPU
		{DE63EBBE-91DB-427F-BD04-4A10BA61FBEE}.AppStore|iPhoneSimulator.Build.0 = Debug|Any CPU
		{DE63EBBE-91DB-427F-BD04-4A10BA61FBEE}.AppStore|iPhoneSimulator.Deploy.0 = Debug|Any CPU
		{DE63EBBE-91DB-427F-BD04-4A10BA61FBEE}.AppStore|x64.ActiveCfg = Debug|Any CPU
		{DE63EBBE-91DB-427F-BD04-4A10BA61FBEE}.AppStore|x64.Build.0 = Debug|Any CPU
		{DE63EBBE-91DB-427F-BD04-4A10BA61FBEE}.AppStore|x64.Deploy.0 = Debug|Any CPU
		{DE63EBBE-91DB-427F-BD04-4A10BA61FBEE}.AppStore|x86.ActiveCfg = Debug|Any CPU
		{DE63EBBE-91DB-427F-BD04-4A10BA61FBEE}.AppStore|x86.Build.0 = Debug|Any CPU
		{DE63EBBE-91DB-427F-BD04-4A10BA61FBEE}.AppStore|x86.Deploy.0 = Debug|Any CPU
		{DE63EBBE-91DB-427F-BD04-4A10BA61FBEE}.Debug|Any CPU.ActiveCfg = Debug|Any CPU
		{DE63EBBE-91DB-427F-BD04-4A10BA61FBEE}.Debug|Any CPU.Build.0 = Debug|Any CPU
		{DE63EBBE-91DB-427F-BD04-4A10BA61FBEE}.Debug|Any CPU.Deploy.0 = Debug|Any CPU
		{DE63EBBE-91DB-427F-BD04-4A10BA61FBEE}.Debug|ARM.ActiveCfg = Debug|Any CPU
		{DE63EBBE-91DB-427F-BD04-4A10BA61FBEE}.Debug|ARM.Build.0 = Debug|Any CPU
		{DE63EBBE-91DB-427F-BD04-4A10BA61FBEE}.Debug|ARM.Deploy.0 = Debug|Any CPU
		{DE63EBBE-91DB-427F-BD04-4A10BA61FBEE}.Debug|iPhone.ActiveCfg = Debug|Any CPU
		{DE63EBBE-91DB-427F-BD04-4A10BA61FBEE}.Debug|iPhone.Build.0 = Debug|Any CPU
		{DE63EBBE-91DB-427F-BD04-4A10BA61FBEE}.Debug|iPhone.Deploy.0 = Debug|Any CPU
		{DE63EBBE-91DB-427F-BD04-4A10BA61FBEE}.Debug|iPhoneSimulator.ActiveCfg = Debug|Any CPU
		{DE63EBBE-91DB-427F-BD04-4A10BA61FBEE}.Debug|iPhoneSimulator.Build.0 = Debug|Any CPU
		{DE63EBBE-91DB-427F-BD04-4A10BA61FBEE}.Debug|iPhoneSimulator.Deploy.0 = Debug|Any CPU
		{DE63EBBE-91DB-427F-BD04-4A10BA61FBEE}.Debug|x64.ActiveCfg = Debug|Any CPU
		{DE63EBBE-91DB-427F-BD04-4A10BA61FBEE}.Debug|x64.Build.0 = Debug|Any CPU
		{DE63EBBE-91DB-427F-BD04-4A10BA61FBEE}.Debug|x64.Deploy.0 = Debug|Any CPU
		{DE63EBBE-91DB-427F-BD04-4A10BA61FBEE}.Debug|x86.ActiveCfg = Debug|Any CPU
		{DE63EBBE-91DB-427F-BD04-4A10BA61FBEE}.Debug|x86.Build.0 = Debug|Any CPU
		{DE63EBBE-91DB-427F-BD04-4A10BA61FBEE}.Debug|x86.Deploy.0 = Debug|Any CPU
		{DE63EBBE-91DB-427F-BD04-4A10BA61FBEE}.Release|Any CPU.ActiveCfg = Release|Any CPU
		{DE63EBBE-91DB-427F-BD04-4A10BA61FBEE}.Release|Any CPU.Build.0 = Release|Any CPU
		{DE63EBBE-91DB-427F-BD04-4A10BA61FBEE}.Release|Any CPU.Deploy.0 = Release|Any CPU
		{DE63EBBE-91DB-427F-BD04-4A10BA61FBEE}.Release|ARM.ActiveCfg = Release|Any CPU
		{DE63EBBE-91DB-427F-BD04-4A10BA61FBEE}.Release|ARM.Build.0 = Release|Any CPU
		{DE63EBBE-91DB-427F-BD04-4A10BA61FBEE}.Release|ARM.Deploy.0 = Release|Any CPU
		{DE63EBBE-91DB-427F-BD04-4A10BA61FBEE}.Release|iPhone.ActiveCfg = Release|Any CPU
		{DE63EBBE-91DB-427F-BD04-4A10BA61FBEE}.Release|iPhone.Build.0 = Release|Any CPU
		{DE63EBBE-91DB-427F-BD04-4A10BA61FBEE}.Release|iPhone.Deploy.0 = Release|Any CPU
		{DE63EBBE-91DB-427F-BD04-4A10BA61FBEE}.Release|iPhoneSimulator.ActiveCfg = Release|Any CPU
		{DE63EBBE-91DB-427F-BD04-4A10BA61FBEE}.Release|iPhoneSimulator.Build.0 = Release|Any CPU
		{DE63EBBE-91DB-427F-BD04-4A10BA61FBEE}.Release|iPhoneSimulator.Deploy.0 = Release|Any CPU
		{DE63EBBE-91DB-427F-BD04-4A10BA61FBEE}.Release|x64.ActiveCfg = Release|Any CPU
		{DE63EBBE-91DB-427F-BD04-4A10BA61FBEE}.Release|x64.Build.0 = Release|Any CPU
		{DE63EBBE-91DB-427F-BD04-4A10BA61FBEE}.Release|x64.Deploy.0 = Release|Any CPU
		{DE63EBBE-91DB-427F-BD04-4A10BA61FBEE}.Release|x86.ActiveCfg = Release|Any CPU
		{DE63EBBE-91DB-427F-BD04-4A10BA61FBEE}.Release|x86.Build.0 = Release|Any CPU
		{DE63EBBE-91DB-427F-BD04-4A10BA61FBEE}.Release|x86.Deploy.0 = Release|Any CPU
	EndGlobalSection
	GlobalSection(SolutionProperties) = preSolution
		HideSolutionNode = FALSE
	EndGlobalSection
	GlobalSection(ExtensibilityGlobals) = postSolution
		SolutionGuid = {34F23823-1F33-43FB-BE74-39A4D7C2A21B}
	EndGlobalSection
EndGlobal
